{
  "name": "hf-ds-server",
  "version": "0.0.1",
  "lockfileVersion": 2,
  "requires": true,
  "packages": {
    "": {
      "name": "hf-ds-server",
      "version": "0.0.1",
      "license": "UNLICENSED",
      "dependencies": {
        "hf-ds-module": "file:../hf-ds-module",
        "hf-env-module": "file:../../hf-axdevtool/modules/nest/hf-env-module",
        "hf-logger-module": "file:../../hf-axdevtool/modules/nest/hf-logger-module",
        "hf-mail-module": "file:../../hf-axdevtool/modules/nest/hf-mail-module"
      }
    },
    "../../hf-axdevtool/modules/nest/hf-env-module": {
      "version": "1.0.0",
      "license": "ISC",
      "dependencies": {
        "@nestjs/config": "^1.1.5",
        "rimraf": "^3.0.2"
      }
    },
    "../../hf-axdevtool/modules/nest/hf-logger-module": {
      "version": "1.0.0",
      "license": "ISC",
      "dependencies": {
        "rimraf": "^3.0.2"
      }
    },
    "../../hf-axdevtool/modules/nest/hf-mail-module": {
      "version": "1.0.0",
      "license": "ISC",
      "dependencies": {
        "@nestjs-modules/mailer": "^1.6.0",
        "@types/nodemailer": "^6.4.4",
        "hf-env-module": "file:../hf-env-module",
        "nodemailer": "^6.7.1",
        "rimraf": "^3.0.2"
      }
    },
    "../hf-ds-module": {
      "version": "1.0.0",
      "license": "ISC",
      "dependencies": {
        "rimraf": "^3.0.2"
      }
    },
    "node_modules/hf-ds-module": {
      "resolved": "../hf-ds-module",
      "link": true
    },
    "node_modules/hf-env-module": {
      "resolved": "../../hf-axdevtool/modules/nest/hf-env-module",
      "link": true
    },
    "node_modules/hf-logger-module": {
      "resolved": "../../hf-axdevtool/modules/nest/hf-logger-module",
      "link": true
    },
    "node_modules/hf-mail-module": {
      "resolved": "../../hf-axdevtool/modules/nest/hf-mail-module",
      "link": true
    }
  },
  "dependencies": {
    "hf-ds-module": {
      "version": "file:../hf-ds-module",
      "requires": {
        "rimraf": "^3.0.2"
      }
    },
    "hf-env-module": {
      "version": "file:../../hf-axdevtool/modules/nest/hf-env-module",
      "requires": {
        "@nestjs/config": "^1.1.5",
        "rimraf": "^3.0.2"
      }
    },
    "hf-logger-module": {
      "version": "file:../../hf-axdevtool/modules/nest/hf-logger-module",
      "requires": {
        "rimraf": "^3.0.2"
      }
    },
    "hf-mail-module": {
      "version": "file:../../hf-axdevtool/modules/nest/hf-mail-module",
      "requires": {
        "@nestjs-modules/mailer": "^1.6.0",
        "@types/nodemailer": "^6.4.4",
        "hf-env-module": "file:../hf-env-module",
        "nodemailer": "^6.7.1",
        "rimraf": "^3.0.2"
      }
    }
  }
}
